
Microsoft Visual Studio Solution File, Format Version 12.00
# Visual Studio Version 16
VisualStudioVersion = 16.0.30011.22
MinimumVisualStudioVersion = 10.0.40219.1
Project("{FAE04EC0-301F-11D3-BF4B-00C04F79EFBC}") = "ApiExample", "ApiExample\ApiExample.csproj", "{614BBB7D-76FF-48E3-A698-D27178C2CBB4}"
EndProject
Project("{FAE04EC0-301F-11D3-BF4B-00C04F79EFBC}") = "Model_2", "..\4)ModelExample\Model_2\Model_2.csproj", "{FFED127C-B25C-4EE6-8CF0-BD88574E2FF1}"
EndProject
Project("{FAE04EC0-301F-11D3-BF4B-00C04F79EFBC}") = "Services_2", "..\4)ModelExample\Services_2\Services_2.csproj", "{56DE9DCA-58AA-45D0-BEA6-010F0987B02D}"
EndProject
Project("{FAE04EC0-301F-11D3-BF4B-00C04F79EFBC}") = "MyContext", "..\4)ModelExample\MyContext\MyContext.csproj", "{A3B19D1A-D8BF-4514-8EC2-4AF2DFEF9C1F}"
EndProject
Global
	GlobalSection(SolutionConfigurationPlatforms) = preSolution
		Debug|Any CPU = Debug|Any CPU
		Release|Any CPU = Release|Any CPU
	EndGlobalSection
	GlobalSection(ProjectConfigurationPlatforms) = postSolution
		{614BBB7D-76FF-48E3-A698-D27178C2CBB4}.Debug|Any CPU.ActiveCfg = Debug|Any CPU
		{614BBB7D-76FF-48E3-A698-D27178C2CBB4}.Debug|Any CPU.Build.0 = Debug|Any CPU
		{614BBB7D-76FF-48E3-A698-D27178C2CBB4}.Release|Any CPU.ActiveCfg = Release|Any CPU
		{614BBB7D-76FF-48E3-A698-D27178C2CBB4}.Release|Any CPU.Build.0 = Release|Any CPU
		{FFED127C-B25C-4EE6-8CF0-BD88574E2FF1}.Debug|Any CPU.ActiveCfg = Debug|Any CPU
		{FFED127C-B25C-4EE6-8CF0-BD88574E2FF1}.Debug|Any CPU.Build.0 = Debug|Any CPU
		{FFED127C-B25C-4EE6-8CF0-BD88574E2FF1}.Release|Any CPU.ActiveCfg = Release|Any CPU
		{FFED127C-B25C-4EE6-8CF0-BD88574E2FF1}.Release|Any CPU.Build.0 = Release|Any CPU
		{56DE9DCA-58AA-45D0-BEA6-010F0987B02D}.Debug|Any CPU.ActiveCfg = Debug|Any CPU
		{56DE9DCA-58AA-45D0-BEA6-010F0987B02D}.Debug|Any CPU.Build.0 = Debug|Any CPU
		{56DE9DCA-58AA-45D0-BEA6-010F0987B02D}.Release|Any CPU.ActiveCfg = Release|Any CPU
		{56DE9DCA-58AA-45D0-BEA6-010F0987B02D}.Release|Any CPU.Build.0 = Release|Any CPU
		{A3B19D1A-D8BF-4514-8EC2-4AF2DFEF9C1F}.Debug|Any CPU.ActiveCfg = Debug|Any CPU
		{A3B19D1A-D8BF-4514-8EC2-4AF2DFEF9C1F}.Debug|Any CPU.Build.0 = Debug|Any CPU
		{A3B19D1A-D8BF-4514-8EC2-4AF2DFEF9C1F}.Release|Any CPU.ActiveCfg = Release|Any CPU
		{A3B19D1A-D8BF-4514-8EC2-4AF2DFEF9C1F}.Release|Any CPU.Build.0 = Release|Any CPU
	EndGlobalSection
	GlobalSection(SolutionProperties) = preSolution
		HideSolutionNode = FALSE
	EndGlobalSection
	GlobalSection(ExtensibilityGlobals) = postSolution
		SolutionGuid = {59933E24-9602-4C4A-A8D9-2196BEE4FF2F}
	EndGlobalSection
EndGlobal
