
Microsoft Visual Studio Solution File, Format Version 12.00
# Visual Studio 15
VisualStudioVersion = 15.0.26730.3
MinimumVisualStudioVersion = 10.0.40219.1
Project("{FAE04EC0-301F-11D3-BF4B-00C04F79EFBC}") = "02)Redirect", "2)Redirect\02)Redirect.csproj", "{B75C8121-341E-47AF-8CD1-39207871D6CF}"
EndProject
Project("{FAE04EC0-301F-11D3-BF4B-00C04F79EFBC}") = "03)FileDownload", "3)FileDownload\03)FileDownload.csproj", "{DE0D8C17-0561-4EC0-A4C4-2846539DF9AE}"
EndProject
Project("{FAE04EC0-301F-11D3-BF4B-00C04F79EFBC}") = "04)HttpStatusCodeResult", "4)HttpStatusCodeResult\04)HttpStatusCodeResult.csproj", "{B15CC23D-D1A8-451C-8D9A-32722BAC4140}"
EndProject
Project("{FAE04EC0-301F-11D3-BF4B-00C04F79EFBC}") = "05)UserIdentity", "5)UserIdentity\05)UserIdentity.csproj", "{D4B27F42-76F2-488D-A6E8-4B5CAF78B9DE}"
EndProject
Project("{FAE04EC0-301F-11D3-BF4B-00C04F79EFBC}") = "06)Authorize", "6)Authorize\06)Authorize.csproj", "{11B6AE8A-262D-41DB-A845-1E9E73593663}"
EndProject
Project("{FAE04EC0-301F-11D3-BF4B-00C04F79EFBC}") = "07)Request", "7)Request\07)Request.csproj", "{050A4ECB-AF71-469B-8FCB-B864BF864572}"
EndProject
Project("{FAE04EC0-301F-11D3-BF4B-00C04F79EFBC}") = "08)ModelBinding", "8)ModelBinding\08)ModelBinding.csproj", "{21985AB5-1B71-46AA-8648-12335B539082}"
EndProject
Project("{FAE04EC0-301F-11D3-BF4B-00C04F79EFBC}") = "09)Cookie", "9)Cookie\09)Cookie.csproj", "{FC525ECE-1696-46DD-AA9E-FF92E02E9E0F}"
EndProject
Project("{FAE04EC0-301F-11D3-BF4B-00C04F79EFBC}") = "10)Session", "10)Session\10)Session.csproj", "{E81C8862-327B-4DFF-8BB0-7D68AF727ECD}"
EndProject
Project("{FAE04EC0-301F-11D3-BF4B-00C04F79EFBC}") = "11)View", "11)View\11)View.csproj", "{F5873A0F-8C44-4DD7-A27A-C33B3437924D}"
EndProject
Project("{FAE04EC0-301F-11D3-BF4B-00C04F79EFBC}") = "01)ControllerExample", "1)ControllerExample\01)ControllerExample.csproj", "{30FAFAAA-B8EF-42B1-9244-5AAC7AD22D43}"
EndProject
Project("{FAE04EC0-301F-11D3-BF4B-00C04F79EFBC}") = "NUnitTestsControllerExample", "NutiTestsControllerExample\NUnitTestsControllerExample.csproj", "{A9E666CC-53D0-4A41-A198-2B854AB47652}"
EndProject
Project("{FAE04EC0-301F-11D3-BF4B-00C04F79EFBC}") = "NUnitTestsExampleRedirectController", "NUnitTestsExampleRedirectController\NUnitTestsExampleRedirectController.csproj", "{8D6BCC4F-64B2-4503-A193-6746D4D74636}"
EndProject
Project("{FAE04EC0-301F-11D3-BF4B-00C04F79EFBC}") = "NUnitTestsFileExampleController", "NUnitTestsFileExampleController\NUnitTestsFileExampleController.csproj", "{E645D395-BB77-41BD-9868-2FECD9552363}"
EndProject
Global
	GlobalSection(SolutionConfigurationPlatforms) = preSolution
		Debug|Any CPU = Debug|Any CPU
		Debug|ARM = Debug|ARM
		Debug|x64 = Debug|x64
		Debug|x86 = Debug|x86
		Release|Any CPU = Release|Any CPU
		Release|ARM = Release|ARM
		Release|x64 = Release|x64
		Release|x86 = Release|x86
	EndGlobalSection
	GlobalSection(ProjectConfigurationPlatforms) = postSolution
		{B75C8121-341E-47AF-8CD1-39207871D6CF}.Debug|Any CPU.ActiveCfg = Debug|Any CPU
		{B75C8121-341E-47AF-8CD1-39207871D6CF}.Debug|Any CPU.Build.0 = Debug|Any CPU
		{B75C8121-341E-47AF-8CD1-39207871D6CF}.Debug|ARM.ActiveCfg = Debug|Any CPU
		{B75C8121-341E-47AF-8CD1-39207871D6CF}.Debug|ARM.Build.0 = Debug|Any CPU
		{B75C8121-341E-47AF-8CD1-39207871D6CF}.Debug|x64.ActiveCfg = Debug|Any CPU
		{B75C8121-341E-47AF-8CD1-39207871D6CF}.Debug|x64.Build.0 = Debug|Any CPU
		{B75C8121-341E-47AF-8CD1-39207871D6CF}.Debug|x86.ActiveCfg = Debug|Any CPU
		{B75C8121-341E-47AF-8CD1-39207871D6CF}.Debug|x86.Build.0 = Debug|Any CPU
		{B75C8121-341E-47AF-8CD1-39207871D6CF}.Release|Any CPU.ActiveCfg = Release|Any CPU
		{B75C8121-341E-47AF-8CD1-39207871D6CF}.Release|Any CPU.Build.0 = Release|Any CPU
		{B75C8121-341E-47AF-8CD1-39207871D6CF}.Release|ARM.ActiveCfg = Release|Any CPU
		{B75C8121-341E-47AF-8CD1-39207871D6CF}.Release|ARM.Build.0 = Release|Any CPU
		{B75C8121-341E-47AF-8CD1-39207871D6CF}.Release|x64.ActiveCfg = Release|Any CPU
		{B75C8121-341E-47AF-8CD1-39207871D6CF}.Release|x64.Build.0 = Release|Any CPU
		{B75C8121-341E-47AF-8CD1-39207871D6CF}.Release|x86.ActiveCfg = Release|Any CPU
		{B75C8121-341E-47AF-8CD1-39207871D6CF}.Release|x86.Build.0 = Release|Any CPU
		{DE0D8C17-0561-4EC0-A4C4-2846539DF9AE}.Debug|Any CPU.ActiveCfg = Debug|Any CPU
		{DE0D8C17-0561-4EC0-A4C4-2846539DF9AE}.Debug|Any CPU.Build.0 = Debug|Any CPU
		{DE0D8C17-0561-4EC0-A4C4-2846539DF9AE}.Debug|ARM.ActiveCfg = Debug|Any CPU
		{DE0D8C17-0561-4EC0-A4C4-2846539DF9AE}.Debug|ARM.Build.0 = Debug|Any CPU
		{DE0D8C17-0561-4EC0-A4C4-2846539DF9AE}.Debug|x64.ActiveCfg = Debug|Any CPU
		{DE0D8C17-0561-4EC0-A4C4-2846539DF9AE}.Debug|x64.Build.0 = Debug|Any CPU
		{DE0D8C17-0561-4EC0-A4C4-2846539DF9AE}.Debug|x86.ActiveCfg = Debug|Any CPU
		{DE0D8C17-0561-4EC0-A4C4-2846539DF9AE}.Debug|x86.Build.0 = Debug|Any CPU
		{DE0D8C17-0561-4EC0-A4C4-2846539DF9AE}.Release|Any CPU.ActiveCfg = Release|Any CPU
		{DE0D8C17-0561-4EC0-A4C4-2846539DF9AE}.Release|Any CPU.Build.0 = Release|Any CPU
		{DE0D8C17-0561-4EC0-A4C4-2846539DF9AE}.Release|ARM.ActiveCfg = Release|Any CPU
		{DE0D8C17-0561-4EC0-A4C4-2846539DF9AE}.Release|ARM.Build.0 = Release|Any CPU
		{DE0D8C17-0561-4EC0-A4C4-2846539DF9AE}.Release|x64.ActiveCfg = Release|Any CPU
		{DE0D8C17-0561-4EC0-A4C4-2846539DF9AE}.Release|x64.Build.0 = Release|Any CPU
		{DE0D8C17-0561-4EC0-A4C4-2846539DF9AE}.Release|x86.ActiveCfg = Release|Any CPU
		{DE0D8C17-0561-4EC0-A4C4-2846539DF9AE}.Release|x86.Build.0 = Release|Any CPU
		{B15CC23D-D1A8-451C-8D9A-32722BAC4140}.Debug|Any CPU.ActiveCfg = Debug|Any CPU
		{B15CC23D-D1A8-451C-8D9A-32722BAC4140}.Debug|Any CPU.Build.0 = Debug|Any CPU
		{B15CC23D-D1A8-451C-8D9A-32722BAC4140}.Debug|ARM.ActiveCfg = Debug|Any CPU
		{B15CC23D-D1A8-451C-8D9A-32722BAC4140}.Debug|ARM.Build.0 = Debug|Any CPU
		{B15CC23D-D1A8-451C-8D9A-32722BAC4140}.Debug|x64.ActiveCfg = Debug|Any CPU
		{B15CC23D-D1A8-451C-8D9A-32722BAC4140}.Debug|x64.Build.0 = Debug|Any CPU
		{B15CC23D-D1A8-451C-8D9A-32722BAC4140}.Debug|x86.ActiveCfg = Debug|Any CPU
		{B15CC23D-D1A8-451C-8D9A-32722BAC4140}.Debug|x86.Build.0 = Debug|Any CPU
		{B15CC23D-D1A8-451C-8D9A-32722BAC4140}.Release|Any CPU.ActiveCfg = Release|Any CPU
		{B15CC23D-D1A8-451C-8D9A-32722BAC4140}.Release|Any CPU.Build.0 = Release|Any CPU
		{B15CC23D-D1A8-451C-8D9A-32722BAC4140}.Release|ARM.ActiveCfg = Release|Any CPU
		{B15CC23D-D1A8-451C-8D9A-32722BAC4140}.Release|ARM.Build.0 = Release|Any CPU
		{B15CC23D-D1A8-451C-8D9A-32722BAC4140}.Release|x64.ActiveCfg = Release|Any CPU
		{B15CC23D-D1A8-451C-8D9A-32722BAC4140}.Release|x64.Build.0 = Release|Any CPU
		{B15CC23D-D1A8-451C-8D9A-32722BAC4140}.Release|x86.ActiveCfg = Release|Any CPU
		{B15CC23D-D1A8-451C-8D9A-32722BAC4140}.Release|x86.Build.0 = Release|Any CPU
		{D4B27F42-76F2-488D-A6E8-4B5CAF78B9DE}.Debug|Any CPU.ActiveCfg = Debug|Any CPU
		{D4B27F42-76F2-488D-A6E8-4B5CAF78B9DE}.Debug|Any CPU.Build.0 = Debug|Any CPU
		{D4B27F42-76F2-488D-A6E8-4B5CAF78B9DE}.Debug|ARM.ActiveCfg = Debug|Any CPU
		{D4B27F42-76F2-488D-A6E8-4B5CAF78B9DE}.Debug|ARM.Build.0 = Debug|Any CPU
		{D4B27F42-76F2-488D-A6E8-4B5CAF78B9DE}.Debug|x64.ActiveCfg = Debug|Any CPU
		{D4B27F42-76F2-488D-A6E8-4B5CAF78B9DE}.Debug|x64.Build.0 = Debug|Any CPU
		{D4B27F42-76F2-488D-A6E8-4B5CAF78B9DE}.Debug|x86.ActiveCfg = Debug|Any CPU
		{D4B27F42-76F2-488D-A6E8-4B5CAF78B9DE}.Debug|x86.Build.0 = Debug|Any CPU
		{D4B27F42-76F2-488D-A6E8-4B5CAF78B9DE}.Release|Any CPU.ActiveCfg = Release|Any CPU
		{D4B27F42-76F2-488D-A6E8-4B5CAF78B9DE}.Release|Any CPU.Build.0 = Release|Any CPU
		{D4B27F42-76F2-488D-A6E8-4B5CAF78B9DE}.Release|ARM.ActiveCfg = Release|Any CPU
		{D4B27F42-76F2-488D-A6E8-4B5CAF78B9DE}.Release|ARM.Build.0 = Release|Any CPU
		{D4B27F42-76F2-488D-A6E8-4B5CAF78B9DE}.Release|x64.ActiveCfg = Release|Any CPU
		{D4B27F42-76F2-488D-A6E8-4B5CAF78B9DE}.Release|x64.Build.0 = Release|Any CPU
		{D4B27F42-76F2-488D-A6E8-4B5CAF78B9DE}.Release|x86.ActiveCfg = Release|Any CPU
		{D4B27F42-76F2-488D-A6E8-4B5CAF78B9DE}.Release|x86.Build.0 = Release|Any CPU
		{11B6AE8A-262D-41DB-A845-1E9E73593663}.Debug|Any CPU.ActiveCfg = Debug|Any CPU
		{11B6AE8A-262D-41DB-A845-1E9E73593663}.Debug|Any CPU.Build.0 = Debug|Any CPU
		{11B6AE8A-262D-41DB-A845-1E9E73593663}.Debug|ARM.ActiveCfg = Debug|Any CPU
		{11B6AE8A-262D-41DB-A845-1E9E73593663}.Debug|ARM.Build.0 = Debug|Any CPU
		{11B6AE8A-262D-41DB-A845-1E9E73593663}.Debug|x64.ActiveCfg = Debug|Any CPU
		{11B6AE8A-262D-41DB-A845-1E9E73593663}.Debug|x64.Build.0 = Debug|Any CPU
		{11B6AE8A-262D-41DB-A845-1E9E73593663}.Debug|x86.ActiveCfg = Debug|Any CPU
		{11B6AE8A-262D-41DB-A845-1E9E73593663}.Debug|x86.Build.0 = Debug|Any CPU
		{11B6AE8A-262D-41DB-A845-1E9E73593663}.Release|Any CPU.ActiveCfg = Release|Any CPU
		{11B6AE8A-262D-41DB-A845-1E9E73593663}.Release|Any CPU.Build.0 = Release|Any CPU
		{11B6AE8A-262D-41DB-A845-1E9E73593663}.Release|ARM.ActiveCfg = Release|Any CPU
		{11B6AE8A-262D-41DB-A845-1E9E73593663}.Release|ARM.Build.0 = Release|Any CPU
		{11B6AE8A-262D-41DB-A845-1E9E73593663}.Release|x64.ActiveCfg = Release|Any CPU
		{11B6AE8A-262D-41DB-A845-1E9E73593663}.Release|x64.Build.0 = Release|Any CPU
		{11B6AE8A-262D-41DB-A845-1E9E73593663}.Release|x86.ActiveCfg = Release|Any CPU
		{11B6AE8A-262D-41DB-A845-1E9E73593663}.Release|x86.Build.0 = Release|Any CPU
		{050A4ECB-AF71-469B-8FCB-B864BF864572}.Debug|Any CPU.ActiveCfg = Debug|Any CPU
		{050A4ECB-AF71-469B-8FCB-B864BF864572}.Debug|Any CPU.Build.0 = Debug|Any CPU
		{050A4ECB-AF71-469B-8FCB-B864BF864572}.Debug|ARM.ActiveCfg = Debug|Any CPU
		{050A4ECB-AF71-469B-8FCB-B864BF864572}.Debug|ARM.Build.0 = Debug|Any CPU
		{050A4ECB-AF71-469B-8FCB-B864BF864572}.Debug|x64.ActiveCfg = Debug|Any CPU
		{050A4ECB-AF71-469B-8FCB-B864BF864572}.Debug|x64.Build.0 = Debug|Any CPU
		{050A4ECB-AF71-469B-8FCB-B864BF864572}.Debug|x86.ActiveCfg = Debug|Any CPU
		{050A4ECB-AF71-469B-8FCB-B864BF864572}.Debug|x86.Build.0 = Debug|Any CPU
		{050A4ECB-AF71-469B-8FCB-B864BF864572}.Release|Any CPU.ActiveCfg = Release|Any CPU
		{050A4ECB-AF71-469B-8FCB-B864BF864572}.Release|Any CPU.Build.0 = Release|Any CPU
		{050A4ECB-AF71-469B-8FCB-B864BF864572}.Release|ARM.ActiveCfg = Release|Any CPU
		{050A4ECB-AF71-469B-8FCB-B864BF864572}.Release|ARM.Build.0 = Release|Any CPU
		{050A4ECB-AF71-469B-8FCB-B864BF864572}.Release|x64.ActiveCfg = Release|Any CPU
		{050A4ECB-AF71-469B-8FCB-B864BF864572}.Release|x64.Build.0 = Release|Any CPU
		{050A4ECB-AF71-469B-8FCB-B864BF864572}.Release|x86.ActiveCfg = Release|Any CPU
		{050A4ECB-AF71-469B-8FCB-B864BF864572}.Release|x86.Build.0 = Release|Any CPU
		{21985AB5-1B71-46AA-8648-12335B539082}.Debug|Any CPU.ActiveCfg = Debug|Any CPU
		{21985AB5-1B71-46AA-8648-12335B539082}.Debug|Any CPU.Build.0 = Debug|Any CPU
		{21985AB5-1B71-46AA-8648-12335B539082}.Debug|ARM.ActiveCfg = Debug|Any CPU
		{21985AB5-1B71-46AA-8648-12335B539082}.Debug|ARM.Build.0 = Debug|Any CPU
		{21985AB5-1B71-46AA-8648-12335B539082}.Debug|x64.ActiveCfg = Debug|Any CPU
		{21985AB5-1B71-46AA-8648-12335B539082}.Debug|x64.Build.0 = Debug|Any CPU
		{21985AB5-1B71-46AA-8648-12335B539082}.Debug|x86.ActiveCfg = Debug|Any CPU
		{21985AB5-1B71-46AA-8648-12335B539082}.Debug|x86.Build.0 = Debug|Any CPU
		{21985AB5-1B71-46AA-8648-12335B539082}.Release|Any CPU.ActiveCfg = Release|Any CPU
		{21985AB5-1B71-46AA-8648-12335B539082}.Release|Any CPU.Build.0 = Release|Any CPU
		{21985AB5-1B71-46AA-8648-12335B539082}.Release|ARM.ActiveCfg = Release|Any CPU
		{21985AB5-1B71-46AA-8648-12335B539082}.Release|ARM.Build.0 = Release|Any CPU
		{21985AB5-1B71-46AA-8648-12335B539082}.Release|x64.ActiveCfg = Release|Any CPU
		{21985AB5-1B71-46AA-8648-12335B539082}.Release|x64.Build.0 = Release|Any CPU
		{21985AB5-1B71-46AA-8648-12335B539082}.Release|x86.ActiveCfg = Release|Any CPU
		{21985AB5-1B71-46AA-8648-12335B539082}.Release|x86.Build.0 = Release|Any CPU
		{FC525ECE-1696-46DD-AA9E-FF92E02E9E0F}.Debug|Any CPU.ActiveCfg = Debug|Any CPU
		{FC525ECE-1696-46DD-AA9E-FF92E02E9E0F}.Debug|Any CPU.Build.0 = Debug|Any CPU
		{FC525ECE-1696-46DD-AA9E-FF92E02E9E0F}.Debug|ARM.ActiveCfg = Debug|Any CPU
		{FC525ECE-1696-46DD-AA9E-FF92E02E9E0F}.Debug|ARM.Build.0 = Debug|Any CPU
		{FC525ECE-1696-46DD-AA9E-FF92E02E9E0F}.Debug|x64.ActiveCfg = Debug|Any CPU
		{FC525ECE-1696-46DD-AA9E-FF92E02E9E0F}.Debug|x64.Build.0 = Debug|Any CPU
		{FC525ECE-1696-46DD-AA9E-FF92E02E9E0F}.Debug|x86.ActiveCfg = Debug|Any CPU
		{FC525ECE-1696-46DD-AA9E-FF92E02E9E0F}.Debug|x86.Build.0 = Debug|Any CPU
		{FC525ECE-1696-46DD-AA9E-FF92E02E9E0F}.Release|Any CPU.ActiveCfg = Release|Any CPU
		{FC525ECE-1696-46DD-AA9E-FF92E02E9E0F}.Release|Any CPU.Build.0 = Release|Any CPU
		{FC525ECE-1696-46DD-AA9E-FF92E02E9E0F}.Release|ARM.ActiveCfg = Release|Any CPU
		{FC525ECE-1696-46DD-AA9E-FF92E02E9E0F}.Release|ARM.Build.0 = Release|Any CPU
		{FC525ECE-1696-46DD-AA9E-FF92E02E9E0F}.Release|x64.ActiveCfg = Release|Any CPU
		{FC525ECE-1696-46DD-AA9E-FF92E02E9E0F}.Release|x64.Build.0 = Release|Any CPU
		{FC525ECE-1696-46DD-AA9E-FF92E02E9E0F}.Release|x86.ActiveCfg = Release|Any CPU
		{FC525ECE-1696-46DD-AA9E-FF92E02E9E0F}.Release|x86.Build.0 = Release|Any CPU
		{E81C8862-327B-4DFF-8BB0-7D68AF727ECD}.Debug|Any CPU.ActiveCfg = Debug|Any CPU
		{E81C8862-327B-4DFF-8BB0-7D68AF727ECD}.Debug|Any CPU.Build.0 = Debug|Any CPU
		{E81C8862-327B-4DFF-8BB0-7D68AF727ECD}.Debug|ARM.ActiveCfg = Debug|Any CPU
		{E81C8862-327B-4DFF-8BB0-7D68AF727ECD}.Debug|ARM.Build.0 = Debug|Any CPU
		{E81C8862-327B-4DFF-8BB0-7D68AF727ECD}.Debug|x64.ActiveCfg = Debug|Any CPU
		{E81C8862-327B-4DFF-8BB0-7D68AF727ECD}.Debug|x64.Build.0 = Debug|Any CPU
		{E81C8862-327B-4DFF-8BB0-7D68AF727ECD}.Debug|x86.ActiveCfg = Debug|Any CPU
		{E81C8862-327B-4DFF-8BB0-7D68AF727ECD}.Debug|x86.Build.0 = Debug|Any CPU
		{E81C8862-327B-4DFF-8BB0-7D68AF727ECD}.Release|Any CPU.ActiveCfg = Release|Any CPU
		{E81C8862-327B-4DFF-8BB0-7D68AF727ECD}.Release|Any CPU.Build.0 = Release|Any CPU
		{E81C8862-327B-4DFF-8BB0-7D68AF727ECD}.Release|ARM.ActiveCfg = Release|Any CPU
		{E81C8862-327B-4DFF-8BB0-7D68AF727ECD}.Release|ARM.Build.0 = Release|Any CPU
		{E81C8862-327B-4DFF-8BB0-7D68AF727ECD}.Release|x64.ActiveCfg = Release|Any CPU
		{E81C8862-327B-4DFF-8BB0-7D68AF727ECD}.Release|x64.Build.0 = Release|Any CPU
		{E81C8862-327B-4DFF-8BB0-7D68AF727ECD}.Release|x86.ActiveCfg = Release|Any CPU
		{E81C8862-327B-4DFF-8BB0-7D68AF727ECD}.Release|x86.Build.0 = Release|Any CPU
		{F5873A0F-8C44-4DD7-A27A-C33B3437924D}.Debug|Any CPU.ActiveCfg = Debug|Any CPU
		{F5873A0F-8C44-4DD7-A27A-C33B3437924D}.Debug|Any CPU.Build.0 = Debug|Any CPU
		{F5873A0F-8C44-4DD7-A27A-C33B3437924D}.Debug|ARM.ActiveCfg = Debug|Any CPU
		{F5873A0F-8C44-4DD7-A27A-C33B3437924D}.Debug|ARM.Build.0 = Debug|Any CPU
		{F5873A0F-8C44-4DD7-A27A-C33B3437924D}.Debug|x64.ActiveCfg = Debug|Any CPU
		{F5873A0F-8C44-4DD7-A27A-C33B3437924D}.Debug|x64.Build.0 = Debug|Any CPU
		{F5873A0F-8C44-4DD7-A27A-C33B3437924D}.Debug|x86.ActiveCfg = Debug|Any CPU
		{F5873A0F-8C44-4DD7-A27A-C33B3437924D}.Debug|x86.Build.0 = Debug|Any CPU
		{F5873A0F-8C44-4DD7-A27A-C33B3437924D}.Release|Any CPU.ActiveCfg = Release|Any CPU
		{F5873A0F-8C44-4DD7-A27A-C33B3437924D}.Release|Any CPU.Build.0 = Release|Any CPU
		{F5873A0F-8C44-4DD7-A27A-C33B3437924D}.Release|ARM.ActiveCfg = Release|Any CPU
		{F5873A0F-8C44-4DD7-A27A-C33B3437924D}.Release|ARM.Build.0 = Release|Any CPU
		{F5873A0F-8C44-4DD7-A27A-C33B3437924D}.Release|x64.ActiveCfg = Release|Any CPU
		{F5873A0F-8C44-4DD7-A27A-C33B3437924D}.Release|x64.Build.0 = Release|Any CPU
		{F5873A0F-8C44-4DD7-A27A-C33B3437924D}.Release|x86.ActiveCfg = Release|Any CPU
		{F5873A0F-8C44-4DD7-A27A-C33B3437924D}.Release|x86.Build.0 = Release|Any CPU
		{30FAFAAA-B8EF-42B1-9244-5AAC7AD22D43}.Debug|Any CPU.ActiveCfg = Debug|Any CPU
		{30FAFAAA-B8EF-42B1-9244-5AAC7AD22D43}.Debug|Any CPU.Build.0 = Debug|Any CPU
		{30FAFAAA-B8EF-42B1-9244-5AAC7AD22D43}.Debug|ARM.ActiveCfg = Debug|Any CPU
		{30FAFAAA-B8EF-42B1-9244-5AAC7AD22D43}.Debug|ARM.Build.0 = Debug|Any CPU
		{30FAFAAA-B8EF-42B1-9244-5AAC7AD22D43}.Debug|x64.ActiveCfg = Debug|Any CPU
		{30FAFAAA-B8EF-42B1-9244-5AAC7AD22D43}.Debug|x64.Build.0 = Debug|Any CPU
		{30FAFAAA-B8EF-42B1-9244-5AAC7AD22D43}.Debug|x86.ActiveCfg = Debug|Any CPU
		{30FAFAAA-B8EF-42B1-9244-5AAC7AD22D43}.Debug|x86.Build.0 = Debug|Any CPU
		{30FAFAAA-B8EF-42B1-9244-5AAC7AD22D43}.Release|Any CPU.ActiveCfg = Release|Any CPU
		{30FAFAAA-B8EF-42B1-9244-5AAC7AD22D43}.Release|Any CPU.Build.0 = Release|Any CPU
		{30FAFAAA-B8EF-42B1-9244-5AAC7AD22D43}.Release|ARM.ActiveCfg = Release|Any CPU
		{30FAFAAA-B8EF-42B1-9244-5AAC7AD22D43}.Release|ARM.Build.0 = Release|Any CPU
		{30FAFAAA-B8EF-42B1-9244-5AAC7AD22D43}.Release|x64.ActiveCfg = Release|Any CPU
		{30FAFAAA-B8EF-42B1-9244-5AAC7AD22D43}.Release|x64.Build.0 = Release|Any CPU
		{30FAFAAA-B8EF-42B1-9244-5AAC7AD22D43}.Release|x86.ActiveCfg = Release|Any CPU
		{30FAFAAA-B8EF-42B1-9244-5AAC7AD22D43}.Release|x86.Build.0 = Release|Any CPU
		{A9E666CC-53D0-4A41-A198-2B854AB47652}.Debug|Any CPU.ActiveCfg = Debug|Any CPU
		{A9E666CC-53D0-4A41-A198-2B854AB47652}.Debug|Any CPU.Build.0 = Debug|Any CPU
		{A9E666CC-53D0-4A41-A198-2B854AB47652}.Debug|ARM.ActiveCfg = Debug|Any CPU
		{A9E666CC-53D0-4A41-A198-2B854AB47652}.Debug|ARM.Build.0 = Debug|Any CPU
		{A9E666CC-53D0-4A41-A198-2B854AB47652}.Debug|x64.ActiveCfg = Debug|Any CPU
		{A9E666CC-53D0-4A41-A198-2B854AB47652}.Debug|x64.Build.0 = Debug|Any CPU
		{A9E666CC-53D0-4A41-A198-2B854AB47652}.Debug|x86.ActiveCfg = Debug|Any CPU
		{A9E666CC-53D0-4A41-A198-2B854AB47652}.Debug|x86.Build.0 = Debug|Any CPU
		{A9E666CC-53D0-4A41-A198-2B854AB47652}.Release|Any CPU.ActiveCfg = Release|Any CPU
		{A9E666CC-53D0-4A41-A198-2B854AB47652}.Release|Any CPU.Build.0 = Release|Any CPU
		{A9E666CC-53D0-4A41-A198-2B854AB47652}.Release|ARM.ActiveCfg = Release|Any CPU
		{A9E666CC-53D0-4A41-A198-2B854AB47652}.Release|ARM.Build.0 = Release|Any CPU
		{A9E666CC-53D0-4A41-A198-2B854AB47652}.Release|x64.ActiveCfg = Release|Any CPU
		{A9E666CC-53D0-4A41-A198-2B854AB47652}.Release|x64.Build.0 = Release|Any CPU
		{A9E666CC-53D0-4A41-A198-2B854AB47652}.Release|x86.ActiveCfg = Release|Any CPU
		{A9E666CC-53D0-4A41-A198-2B854AB47652}.Release|x86.Build.0 = Release|Any CPU
		{8D6BCC4F-64B2-4503-A193-6746D4D74636}.Debug|Any CPU.ActiveCfg = Debug|Any CPU
		{8D6BCC4F-64B2-4503-A193-6746D4D74636}.Debug|Any CPU.Build.0 = Debug|Any CPU
		{8D6BCC4F-64B2-4503-A193-6746D4D74636}.Debug|ARM.ActiveCfg = Debug|Any CPU
		{8D6BCC4F-64B2-4503-A193-6746D4D74636}.Debug|ARM.Build.0 = Debug|Any CPU
		{8D6BCC4F-64B2-4503-A193-6746D4D74636}.Debug|x64.ActiveCfg = Debug|Any CPU
		{8D6BCC4F-64B2-4503-A193-6746D4D74636}.Debug|x64.Build.0 = Debug|Any CPU
		{8D6BCC4F-64B2-4503-A193-6746D4D74636}.Debug|x86.ActiveCfg = Debug|Any CPU
		{8D6BCC4F-64B2-4503-A193-6746D4D74636}.Debug|x86.Build.0 = Debug|Any CPU
		{8D6BCC4F-64B2-4503-A193-6746D4D74636}.Release|Any CPU.ActiveCfg = Release|Any CPU
		{8D6BCC4F-64B2-4503-A193-6746D4D74636}.Release|Any CPU.Build.0 = Release|Any CPU
		{8D6BCC4F-64B2-4503-A193-6746D4D74636}.Release|ARM.ActiveCfg = Release|Any CPU
		{8D6BCC4F-64B2-4503-A193-6746D4D74636}.Release|ARM.Build.0 = Release|Any CPU
		{8D6BCC4F-64B2-4503-A193-6746D4D74636}.Release|x64.ActiveCfg = Release|Any CPU
		{8D6BCC4F-64B2-4503-A193-6746D4D74636}.Release|x64.Build.0 = Release|Any CPU
		{8D6BCC4F-64B2-4503-A193-6746D4D74636}.Release|x86.ActiveCfg = Release|Any CPU
		{8D6BCC4F-64B2-4503-A193-6746D4D74636}.Release|x86.Build.0 = Release|Any CPU
		{E645D395-BB77-41BD-9868-2FECD9552363}.Debug|Any CPU.ActiveCfg = Debug|Any CPU
		{E645D395-BB77-41BD-9868-2FECD9552363}.Debug|Any CPU.Build.0 = Debug|Any CPU
		{E645D395-BB77-41BD-9868-2FECD9552363}.Debug|ARM.ActiveCfg = Debug|Any CPU
		{E645D395-BB77-41BD-9868-2FECD9552363}.Debug|ARM.Build.0 = Debug|Any CPU
		{E645D395-BB77-41BD-9868-2FECD9552363}.Debug|x64.ActiveCfg = Debug|Any CPU
		{E645D395-BB77-41BD-9868-2FECD9552363}.Debug|x64.Build.0 = Debug|Any CPU
		{E645D395-BB77-41BD-9868-2FECD9552363}.Debug|x86.ActiveCfg = Debug|Any CPU
		{E645D395-BB77-41BD-9868-2FECD9552363}.Debug|x86.Build.0 = Debug|Any CPU
		{E645D395-BB77-41BD-9868-2FECD9552363}.Release|Any CPU.ActiveCfg = Release|Any CPU
		{E645D395-BB77-41BD-9868-2FECD9552363}.Release|Any CPU.Build.0 = Release|Any CPU
		{E645D395-BB77-41BD-9868-2FECD9552363}.Release|ARM.ActiveCfg = Release|Any CPU
		{E645D395-BB77-41BD-9868-2FECD9552363}.Release|ARM.Build.0 = Release|Any CPU
		{E645D395-BB77-41BD-9868-2FECD9552363}.Release|x64.ActiveCfg = Release|Any CPU
		{E645D395-BB77-41BD-9868-2FECD9552363}.Release|x64.Build.0 = Release|Any CPU
		{E645D395-BB77-41BD-9868-2FECD9552363}.Release|x86.ActiveCfg = Release|Any CPU
		{E645D395-BB77-41BD-9868-2FECD9552363}.Release|x86.Build.0 = Release|Any CPU
	EndGlobalSection
	GlobalSection(SolutionProperties) = preSolution
		HideSolutionNode = FALSE
	EndGlobalSection
	GlobalSection(ExtensibilityGlobals) = postSolution
		SolutionGuid = {47FEFA87-DB9F-4495-B933-736A40885919}
	EndGlobalSection
EndGlobal
